
Microsoft Visual Studio Solution File, Format Version 12.00
# Visual Studio Version 17
VisualStudioVersion = 17.6.33815.320
MinimumVisualStudioVersion = 10.0.40219.1
Project("{FAE04EC0-301F-11D3-BF4B-00C04F79EFBC}") = "todo-list", "todo-list\todo-list.csproj", "{9428A47A-90B5-4108-85EB-0E2BDE49E7A4}"
EndProject
Global
	GlobalSection(SolutionConfigurationPlatforms) = preSolution
		Debug|Any CPU = Debug|Any CPU
		Release|Any CPU = Release|Any CPU
	EndGlobalSection
	GlobalSection(ProjectConfigurationPlatforms) = postSolution
		{9428A47A-90B5-4108-85EB-0E2BDE49E7A4}.Debug|Any CPU.ActiveCfg = Debug|Any CPU
		{9428A47A-90B5-4108-85EB-0E2BDE49E7A4}.Debug|Any CPU.Build.0 = Debug|Any CPU
		{9428A47A-90B5-4108-85EB-0E2BDE49E7A4}.Release|Any CPU.ActiveCfg = Release|Any CPU
		{9428A47A-90B5-4108-85EB-0E2BDE49E7A4}.Release|Any CPU.Build.0 = Release|Any CPU
	EndGlobalSection
	GlobalSection(SolutionProperties) = preSolution
		HideSolutionNode = FALSE
	EndGlobalSection
	GlobalSection(ExtensibilityGlobals) = postSolution
		SolutionGuid = {C31643E8-9E26-4E09-9B08-1CFB661C17C0}
	EndGlobalSection
EndGlobal
